// !$*UTF8*$!
{
	archiveVersion = 1;
	classes = {
	};
	objectVersion = 56;
	objects = {

/* Begin PBXBuildFile section */
		11D6C98C2BC36B790022C077 /* AppDelegate.swift in Sources */ = {isa = PBXBuildFile; fileRef = 11D6C98B2BC36B790022C077 /* AppDelegate.swift */; };
		11D6C98E2BC36B790022C077 /* SceneDelegate.swift in Sources */ = {isa = PBXBuildFile; fileRef = 11D6C98D2BC36B790022C077 /* SceneDelegate.swift */; };
		11D6C9902BC36B790022C077 /* ViewController.swift in Sources */ = {isa = PBXBuildFile; fileRef = 11D6C98F2BC36B790022C077 /* ViewController.swift */; };
		11D6C9932BC36B790022C077 /* Base in Resources */ = {isa = PBXBuildFile; fileRef = 11D6C9922BC36B790022C077 /* Base */; };
		11D6C9952BC36B7A0022C077 /* Assets.xcassets in Resources */ = {isa = PBXBuildFile; fileRef = 11D6C9942BC36B7A0022C077 /* Assets.xcassets */; };
		11D6C9982BC36B7A0022C077 /* Base in Resources */ = {isa = PBXBuildFile; fileRef = 11D6C9972BC36B7A0022C077 /* Base */; };
		11D6C9A32BC36B7B0022C077 /* realplantcenterTests.swift in Sources */ = {isa = PBXBuildFile; fileRef = 11D6C9A22BC36B7B0022C077 /* realplantcenterTests.swift */; };
		11D6C9AD2BC36B7B0022C077 /* realplantcenterUITests.swift in Sources */ = {isa = PBXBuildFile; fileRef = 11D6C9AC2BC36B7B0022C077 /* realplantcenterUITests.swift */; };
		11D6C9AF2BC36B7B0022C077 /* realplantcenterUITestsLaunchTests.swift in Sources */ = {isa = PBXBuildFile; fileRef = 11D6C9AE2BC36B7B0022C077 /* realplantcenterUITestsLaunchTests.swift */; };
		11D6C9BD2BC36C400022C077 /* FirebaseAnalytics in Frameworks */ = {isa = PBXBuildFile; productRef = 11D6C9BC2BC36C400022C077 /* FirebaseAnalytics */; };
		11D6C9BF2BC36C400022C077 /* FirebaseAnalyticsOnDeviceConversion in Frameworks */ = {isa = PBXBuildFile; productRef = 11D6C9BE2BC36C400022C077 /* FirebaseAnalyticsOnDeviceConversion */; };
		11D6C9C12BC36C400022C077 /* FirebaseAnalyticsSwift in Frameworks */ = {isa = PBXBuildFile; productRef = 11D6C9C02BC36C400022C077 /* FirebaseAnalyticsSwift */; };
		11D6C9C32BC36C400022C077 /* FirebaseDatabase in Frameworks */ = {isa = PBXBuildFile; productRef = 11D6C9C22BC36C400022C077 /* FirebaseDatabase */; };
		11D6C9C52BC36C400022C077 /* FirebaseDatabaseSwift in Frameworks */ = {isa = PBXBuildFile; productRef = 11D6C9C42BC36C400022C077 /* FirebaseDatabaseSwift */; };
		11D6C9C72BC36C400022C077 /* FirebaseFirestore in Frameworks */ = {isa = PBXBuildFile; productRef = 11D6C9C62BC36C400022C077 /* FirebaseFirestore */; };
		11D6C9C92BC36C400022C077 /* FirebaseFirestoreCombine-Community in Frameworks */ = {isa = PBXBuildFile; productRef = 11D6C9C82BC36C400022C077 /* FirebaseFirestoreCombine-Community */; };
		11D6C9CB2BC36C400022C077 /* FirebaseFirestoreSwift in Frameworks */ = {isa = PBXBuildFile; productRef = 11D6C9CA2BC36C400022C077 /* FirebaseFirestoreSwift */; };
		11D6C9CD2BC36C400022C077 /* FirebaseMLModelDownloader in Frameworks */ = {isa = PBXBuildFile; productRef = 11D6C9CC2BC36C400022C077 /* FirebaseMLModelDownloader */; };
		11D6C9CF2BC36C400022C077 /* FirebaseStorage in Frameworks */ = {isa = PBXBuildFile; productRef = 11D6C9CE2BC36C400022C077 /* FirebaseStorage */; };
		11D6C9D12BC36C400022C077 /* FirebaseStorageCombine-Community in Frameworks */ = {isa = PBXBuildFile; productRef = 11D6C9D02BC36C400022C077 /* FirebaseStorageCombine-Community */; };
		11D6C9D32BC36D3C0022C077 /* GoogleService-Info.plist in Resources */ = {isa = PBXBuildFile; fileRef = 11D6C9D22BC36D3C0022C077 /* GoogleService-Info.plist */; };
		11D6C9D62BC382680022C077 /* SDWebImage in Frameworks */ = {isa = PBXBuildFile; productRef = 11D6C9D52BC382680022C077 /* SDWebImage */; };
/* End PBXBuildFile section */

/* Begin PBXContainerItemProxy section */
		11D6C99F2BC36B7B0022C077 /* PBXContainerItemProxy */ = {
			isa = PBXContainerItemProxy;
			containerPortal = 11D6C9802BC36B790022C077 /* Project object */;
			proxyType = 1;
			remoteGlobalIDString = 11D6C9872BC36B790022C077;
			remoteInfo = realplantcenter;
		};
		11D6C9A92BC36B7B0022C077 /* PBXContainerItemProxy */ = {
			isa = PBXContainerItemProxy;
			containerPortal = 11D6C9802BC36B790022C077 /* Project object */;
			proxyType = 1;
			remoteGlobalIDString = 11D6C9872BC36B790022C077;
			remoteInfo = realplantcenter;
		};
/* End PBXContainerItemProxy section */

/* Begin PBXFileReference section */
		11D6C9882BC36B790022C077 /* realplantcenter.app */ = {isa = PBXFileReference; explicitFileType = wrapper.application; includeInIndex = 0; path = realplantcenter.app; sourceTree = BUILT_PRODUCTS_DIR; };
		11D6C98B2BC36B790022C077 /* AppDelegate.swift */ = {isa = PBXFileReference; lastKnownFileType = sourcecode.swift; path = AppDelegate.swift; sourceTree = "<group>"; };
		11D6C98D2BC36B790022C077 /* SceneDelegate.swift */ = {isa = PBXFileReference; lastKnownFileType = sourcecode.swift; path = SceneDelegate.swift; sourceTree = "<group>"; };
		11D6C98F2BC36B790022C077 /* ViewController.swift */ = {isa = PBXFileReference; lastKnownFileType = sourcecode.swift; path = ViewController.swift; sourceTree = "<group>"; };
		11D6C9922BC36B790022C077 /* Base */ = {isa = PBXFileReference; lastKnownFileType = file.storyboard; name = Base; path = Base.lproj/Main.storyboard; sourceTree = "<group>"; };
		11D6C9942BC36B7A0022C077 /* Assets.xcassets */ = {isa = PBXFileReference; lastKnownFileType = folder.assetcatalog; path = Assets.xcassets; sourceTree = "<group>"; };
		11D6C9972BC36B7A0022C077 /* Base */ = {isa = PBXFileReference; lastKnownFileType = file.storyboard; name = Base; path = Base.lproj/LaunchScreen.storyboard; sourceTree = "<group>"; };
		11D6C9992BC36B7A0022C077 /* Info.plist */ = {isa = PBXFileReference; lastKnownFileType = text.plist.xml; path = Info.plist; sourceTree = "<group>"; };
		11D6C99E2BC36B7B0022C077 /* realplantcenterTests.xctest */ = {isa = PBXFileReference; explicitFileType = wrapper.cfbundle; includeInIndex = 0; path = realplantcenterTests.xctest; sourceTree = BUILT_PRODUCTS_DIR; };
		11D6C9A22BC36B7B0022C077 /* realplantcenterTests.swift */ = {isa = PBXFileReference; lastKnownFileType = sourcecode.swift; path = realplantcenterTests.swift; sourceTree = "<group>"; };
		11D6C9A82BC36B7B0022C077 /* realplantcenterUITests.xctest */ = {isa = PBXFileReference; explicitFileType = wrapper.cfbundle; includeInIndex = 0; path = realplantcenterUITests.xctest; sourceTree = BUILT_PRODUCTS_DIR; };
		11D6C9AC2BC36B7B0022C077 /* realplantcenterUITests.swift */ = {isa = PBXFileReference; lastKnownFileType = sourcecode.swift; path = realplantcenterUITests.swift; sourceTree = "<group>"; };
		11D6C9AE2BC36B7B0022C077 /* realplantcenterUITestsLaunchTests.swift */ = {isa = PBXFileReference; lastKnownFileType = sourcecode.swift; path = realplantcenterUITestsLaunchTests.swift; sourceTree = "<group>"; };
		11D6C9D22BC36D3C0022C077 /* GoogleService-Info.plist */ = {isa = PBXFileReference; fileEncoding = 4; lastKnownFileType = text.plist.xml; name = "GoogleService-Info.plist"; path = "../../../Downloads/GoogleService-Info.plist"; sourceTree = "<group>"; };
/* End PBXFileReference section */

/* Begin PBXFrameworksBuildPhase section */
		11D6C9852BC36B790022C077 /* Frameworks */ = {
			isa = PBXFrameworksBuildPhase;
			buildActionMask = 2147483647;
			files = (
				11D6C9D12BC36C400022C077 /* FirebaseStorageCombine-Community in Frameworks */,
				11D6C9C52BC36C400022C077 /* FirebaseDatabaseSwift in Frameworks */,
				11D6C9C12BC36C400022C077 /* FirebaseAnalyticsSwift in Frameworks */,
				11D6C9BD2BC36C400022C077 /* FirebaseAnalytics in Frameworks */,
				11D6C9CF2BC36C400022C077 /* FirebaseStorage in Frameworks */,
				11D6C9C32BC36C400022C077 /* FirebaseDatabase in Frameworks */,
				11D6C9D62BC382680022C077 /* SDWebImage in Frameworks */,
				11D6C9BF2BC36C400022C077 /* FirebaseAnalyticsOnDeviceConversion in Frameworks */,
				11D6C9C72BC36C400022C077 /* FirebaseFirestore in Frameworks */,
				11D6C9CD2BC36C400022C077 /* FirebaseMLModelDownloader in Frameworks */,
				11D6C9C92BC36C400022C077 /* FirebaseFirestoreCombine-Community in Frameworks */,
				11D6C9CB2BC36C400022C077 /* FirebaseFirestoreSwift in Frameworks */,
			);
			runOnlyForDeploymentPostprocessing = 0;
		};
		11D6C99B2BC36B7B0022C077 /* Frameworks */ = {
			isa = PBXFrameworksBuildPhase;
			buildActionMask = 2147483647;
			files = (
			);
			runOnlyForDeploymentPostprocessing = 0;
		};
		11D6C9A52BC36B7B0022C077 /* Frameworks */ = {
			isa = PBXFrameworksBuildPhase;
			buildActionMask = 2147483647;
			files = (
			);
			runOnlyForDeploymentPostprocessing = 0;
		};
/* End PBXFrameworksBuildPhase section */

/* Begin PBXGroup section */
		11D6C97F2BC36B790022C077 = {
			isa = PBXGroup;
			children = (
				11D6C98A2BC36B790022C077 /* realplantcenter */,
				11D6C9A12BC36B7B0022C077 /* realplantcenterTests */,
				11D6C9AB2BC36B7B0022C077 /* realplantcenterUITests */,
				11D6C9892BC36B790022C077 /* Products */,
			);
			sourceTree = "<group>";
		};
		11D6C9892BC36B790022C077 /* Products */ = {
			isa = PBXGroup;
			children = (
				11D6C9882BC36B790022C077 /* realplantcenter.app */,
				11D6C99E2BC36B7B0022C077 /* realplantcenterTests.xctest */,
				11D6C9A82BC36B7B0022C077 /* realplantcenterUITests.xctest */,
			);
			name = Products;
			sourceTree = "<group>";
		};
		11D6C98A2BC36B790022C077 /* realplantcenter */ = {
			isa = PBXGroup;
			children = (
				11D6C9D22BC36D3C0022C077 /* GoogleService-Info.plist */,
				11D6C98B2BC36B790022C077 /* AppDelegate.swift */,
				11D6C98D2BC36B790022C077 /* SceneDelegate.swift */,
				11D6C98F2BC36B790022C077 /* ViewController.swift */,
				11D6C9912BC36B790022C077 /* Main.storyboard */,
				11D6C9942BC36B7A0022C077 /* Assets.xcassets */,
				11D6C9962BC36B7A0022C077 /* LaunchScreen.storyboard */,
				11D6C9992BC36B7A0022C077 /* Info.plist */,
			);
			path = realplantcenter;
			sourceTree = "<group>";
		};
		11D6C9A12BC36B7B0022C077 /* realplantcenterTests */ = {
			isa = PBXGroup;
			children = (
				11D6C9A22BC36B7B0022C077 /* realplantcenterTests.swift */,
			);
			path = realplantcenterTests;
			sourceTree = "<group>";
		};
		11D6C9AB2BC36B7B0022C077 /* realplantcenterUITests */ = {
			isa = PBXGroup;
			children = (
				11D6C9AC2BC36B7B0022C077 /* realplantcenterUITests.swift */,
				11D6C9AE2BC36B7B0022C077 /* realplantcenterUITestsLaunchTests.swift */,
			);
			path = realplantcenterUITests;
			sourceTree = "<group>";
		};
/* End PBXGroup section */

/* Begin PBXNativeTarget section */
		11D6C9872BC36B790022C077 /* realplantcenter */ = {
			isa = PBXNativeTarget;
			buildConfigurationList = 11D6C9B22BC36B7B0022C077 /* Build configuration list for PBXNativeTarget "realplantcenter" */;
			buildPhases = (
				11D6C9842BC36B790022C077 /* Sources */,
				11D6C9852BC36B790022C077 /* Frameworks */,
				11D6C9862BC36B790022C077 /* Resources */,
			);
			buildRules = (
			);
			dependencies = (
			);
			name = realplantcenter;
			packageProductDependencies = (
				11D6C9BC2BC36C400022C077 /* FirebaseAnalytics */,
				11D6C9BE2BC36C400022C077 /* FirebaseAnalyticsOnDeviceConversion */,
				11D6C9C02BC36C400022C077 /* FirebaseAnalyticsSwift */,
				11D6C9C22BC36C400022C077 /* FirebaseDatabase */,
				11D6C9C42BC36C400022C077 /* FirebaseDatabaseSwift */,
				11D6C9C62BC36C400022C077 /* FirebaseFirestore */,
				11D6C9C82BC36C400022C077 /* FirebaseFirestoreCombine-Community */,
				11D6C9CA2BC36C400022C077 /* FirebaseFirestoreSwift */,
				11D6C9CC2BC36C400022C077 /* FirebaseMLModelDownloader */,
				11D6C9CE2BC36C400022C077 /* FirebaseStorage */,
				11D6C9D02BC36C400022C077 /* FirebaseStorageCombine-Community */,
				11D6C9D52BC382680022C077 /* SDWebImage */,
			);
			productName = realplantcenter;
			productReference = 11D6C9882BC36B790022C077 /* realplantcenter.app */;
			productType = "com.apple.product-type.application";
		};
		11D6C99D2BC36B7B0022C077 /* realplantcenterTests */ = {
			isa = PBXNativeTarget;
			buildConfigurationList = 11D6C9B52BC36B7B0022C077 /* Build configuration list for PBXNativeTarget "realplantcenterTests" */;
			buildPhases = (
				11D6C99A2BC36B7B0022C077 /* Sources */,
				11D6C99B2BC36B7B0022C077 /* Frameworks */,
				11D6C99C2BC36B7B0022C077 /* Resources */,
			);
			buildRules = (
			);
			dependencies = (
				11D6C9A02BC36B7B0022C077 /* PBXTargetDependency */,
			);
			name = realplantcenterTests;
			productName = realplantcenterTests;
			productReference = 11D6C99E2BC36B7B0022C077 /* realplantcenterTests.xctest */;
			productType = "com.apple.product-type.bundle.unit-test";
		};
		11D6C9A72BC36B7B0022C077 /* realplantcenterUITests */ = {
			isa = PBXNativeTarget;
			buildConfigurationList = 11D6C9B82BC36B7B0022C077 /* Build configuration list for PBXNativeTarget "realplantcenterUITests" */;
			buildPhases = (
				11D6C9A42BC36B7B0022C077 /* Sources */,
				11D6C9A52BC36B7B0022C077 /* Frameworks */,
				11D6C9A62BC36B7B0022C077 /* Resources */,
			);
			buildRules = (
			);
			dependencies = (
				11D6C9AA2BC36B7B0022C077 /* PBXTargetDependency */,
			);
			name = realplantcenterUITests;
			productName = realplantcenterUITests;
			productReference = 11D6C9A82BC36B7B0022C077 /* realplantcenterUITests.xctest */;
			productType = "com.apple.product-type.bundle.ui-testing";
		};
/* End PBXNativeTarget section */

/* Begin PBXProject section */
		11D6C9802BC36B790022C077 /* Project object */ = {
			isa = PBXProject;
			attributes = {
				BuildIndependentTargetsInParallel = 1;
				LastSwiftUpdateCheck = 1530;
				LastUpgradeCheck = 1530;
				TargetAttributes = {
					11D6C9872BC36B790022C077 = {
						CreatedOnToolsVersion = 15.3;
					};
					11D6C99D2BC36B7B0022C077 = {
						CreatedOnToolsVersion = 15.3;
						TestTargetID = 11D6C9872BC36B790022C077;
					};
					11D6C9A72BC36B7B0022C077 = {
						CreatedOnToolsVersion = 15.3;
						TestTargetID = 11D6C9872BC36B790022C077;
					};
				};
			};
			buildConfigurationList = 11D6C9832BC36B790022C077 /* Build configuration list for PBXProject "realplantcenter" */;
			compatibilityVersion = "Xcode 14.0";
			developmentRegion = en;
			hasScannedForEncodings = 0;
			knownRegions = (
				en,
				Base,
			);
			mainGroup = 11D6C97F2BC36B790022C077;
			packageReferences = (
				11D6C9BB2BC36C400022C077 /* XCRemoteSwiftPackageReference "firebase-ios-sdk" */,
				11D6C9D42BC382680022C077 /* XCRemoteSwiftPackageReference "SDWebImage" */,
			);
			productRefGroup = 11D6C9892BC36B790022C077 /* Products */;
			projectDirPath = "";
			projectRoot = "";
			targets = (
				11D6C9872BC36B790022C077 /* realplantcenter */,
				11D6C99D2BC36B7B0022C077 /* realplantcenterTests */,
				11D6C9A72BC36B7B0022C077 /* realplantcenterUITests */,
			);
		};
/* End PBXProject section */

/* Begin PBXResourcesBuildPhase section */
		11D6C9862BC36B790022C077 /* Resources */ = {
			isa = PBXResourcesBuildPhase;
			buildActionMask = 2147483647;
			files = (
				11D6C9952BC36B7A0022C077 /* Assets.xcassets in Resources */,
				11D6C9D32BC36D3C0022C077 /* GoogleService-Info.plist in Resources */,
				11D6C9982BC36B7A0022C077 /* Base in Resources */,
				11D6C9932BC36B790022C077 /* Base in Resources */,
			);
			runOnlyForDeploymentPostprocessing = 0;
		};
		11D6C99C2BC36B7B0022C077 /* Resources */ = {
			isa = PBXResourcesBuildPhase;
			buildActionMask = 2147483647;
			files = (
			);
			runOnlyForDeploymentPostprocessing = 0;
		};
		11D6C9A62BC36B7B0022C077 /* Resources */ = {
			isa = PBXResourcesBuildPhase;
			buildActionMask = 2147483647;
			files = (
			);
			runOnlyForDeploymentPostprocessing = 0;
		};
/* End PBXResourcesBuildPhase section */

/* Begin PBXSourcesBuildPhase section */
		11D6C9842BC36B790022C077 /* Sources */ = {
			isa = PBXSourcesBuildPhase;
			buildActionMask = 2147483647;
			files = (
				11D6C9902BC36B790022C077 /* ViewController.swift in Sources */,
				11D6C98C2BC36B790022C077 /* AppDelegate.swift in Sources */,
				11D6C98E2BC36B790022C077 /* SceneDelegate.swift in Sources */,
			);
			runOnlyForDeploymentPostprocessing = 0;
		};
		11D6C99A2BC36B7B0022C077 /* Sources */ = {
			isa = PBXSourcesBuildPhase;
			buildActionMask = 2147483647;
			files = (
				11D6C9A32BC36B7B0022C077 /* realplantcenterTests.swift in Sources */,
			);
			runOnlyForDeploymentPostprocessing = 0;
		};
		11D6C9A42BC36B7B0022C077 /* Sources */ = {
			isa = PBXSourcesBuildPhase;
			buildActionMask = 2147483647;
			files = (
				11D6C9AD2BC36B7B0022C077 /* realplantcenterUITests.swift in Sources */,
				11D6C9AF2BC36B7B0022C077 /* realplantcenterUITestsLaunchTests.swift in Sources */,
			);
			runOnlyForDeploymentPostprocessing = 0;
		};
/* End PBXSourcesBuildPhase section */

/* Begin PBXTargetDependency section */
		11D6C9A02BC36B7B0022C077 /* PBXTargetDependency */ = {
			isa = PBXTargetDependency;
			target = 11D6C9872BC36B790022C077 /* realplantcenter */;
			targetProxy = 11D6C99F2BC36B7B0022C077 /* PBXContainerItemProxy */;
		};
		11D6C9AA2BC36B7B0022C077 /* PBXTargetDependency */ = {
			isa = PBXTargetDependency;
			target = 11D6C9872BC36B790022C077 /* realplantcenter */;
			targetProxy = 11D6C9A92BC36B7B0022C077 /* PBXContainerItemProxy */;
		};
/* End PBXTargetDependency section */

/* Begin PBXVariantGroup section */
		11D6C9912BC36B790022C077 /* Main.storyboard */ = {
			isa = PBXVariantGroup;
			children = (
				11D6C9922BC36B790022C077 /* Base */,
			);
			name = Main.storyboard;
			sourceTree = "<group>";
		};
		11D6C9962BC36B7A0022C077 /* LaunchScreen.storyboard */ = {
			isa = PBXVariantGroup;
			children = (
				11D6C9972BC36B7A0022C077 /* Base */,
			);
			name = LaunchScreen.storyboard;
			sourceTree = "<group>";
		};
/* End PBXVariantGroup section */

/* Begin XCBuildConfiguration section */
		11D6C9B02BC36B7B0022C077 /* Debug */ = {
			isa = XCBuildConfiguration;
			buildSettings = {
				ALWAYS_SEARCH_USER_PATHS = NO;
				ASSETCATALOG_COMPILER_GENERATE_SWIFT_ASSET_SYMBOL_EXTENSIONS = YES;
				CLANG_ANALYZER_NONNULL = YES;
				CLANG_ANALYZER_NUMBER_OBJECT_CONVERSION = YES_AGGRESSIVE;
				CLANG_CXX_LANGUAGE_STANDARD = "gnu++20";
				CLANG_ENABLE_MODULES = YES;
				CLANG_ENABLE_OBJC_ARC = YES;
				CLANG_ENABLE_OBJC_WEAK = YES;
				CLANG_WARN_BLOCK_CAPTURE_AUTORELEASING = YES;
				CLANG_WARN_BOOL_CONVERSION = YES;
				CLANG_WARN_COMMA = YES;
				CLANG_WARN_CONSTANT_CONVERSION = YES;
				CLANG_WARN_DEPRECATED_OBJC_IMPLEMENTATIONS = YES;
				CLANG_WARN_DIRECT_OBJC_ISA_USAGE = YES_ERROR;
				CLANG_WARN_DOCUMENTATION_COMMENTS = YES;
				CLANG_WARN_EMPTY_BODY = YES;
				CLANG_WARN_ENUM_CONVERSION = YES;
				CLANG_WARN_INFINITE_RECURSION = YES;
				CLANG_WARN_INT_CONVERSION = YES;
				CLANG_WARN_NON_LITERAL_NULL_CONVERSION = YES;
				CLANG_WARN_OBJC_IMPLICIT_RETAIN_SELF = YES;
				CLANG_WARN_OBJC_LITERAL_CONVERSION = YES;
				CLANG_WARN_OBJC_ROOT_CLASS = YES_ERROR;
				CLANG_WARN_QUOTED_INCLUDE_IN_FRAMEWORK_HEADER = YES;
				CLANG_WARN_RANGE_LOOP_ANALYSIS = YES;
				CLANG_WARN_STRICT_PROTOTYPES = YES;
				CLANG_WARN_SUSPICIOUS_MOVE = YES;
				CLANG_WARN_UNGUARDED_AVAILABILITY = YES_AGGRESSIVE;
				CLANG_WARN_UNREACHABLE_CODE = YES;
				CLANG_WARN__DUPLICATE_METHOD_MATCH = YES;
				COPY_PHASE_STRIP = NO;
				DEBUG_INFORMATION_FORMAT = dwarf;
				ENABLE_STRICT_OBJC_MSGSEND = YES;
				ENABLE_TESTABILITY = YES;
				ENABLE_USER_SCRIPT_SANDBOXING = YES;
				GCC_C_LANGUAGE_STANDARD = gnu17;
				GCC_DYNAMIC_NO_PIC = NO;
				GCC_NO_COMMON_BLOCKS = YES;
				GCC_OPTIMIZATION_LEVEL = 0;
				GCC_PREPROCESSOR_DEFINITIONS = (
					"DEBUG=1",
					"$(inherited)",
				);
				GCC_WARN_64_TO_32_BIT_CONVERSION = YES;
				GCC_WARN_ABOUT_RETURN_TYPE = YES_ERROR;
				GCC_WARN_UNDECLARED_SELECTOR = YES;
				GCC_WARN_UNINITIALIZED_AUTOS = YES_AGGRESSIVE;
				GCC_WARN_UNUSED_FUNCTION = YES;
				GCC_WARN_UNUSED_VARIABLE = YES;
				IPHONEOS_DEPLOYMENT_TARGET = 17.4;
				LOCALIZATION_PREFERS_STRING_CATALOGS = YES;
				MTL_ENABLE_DEBUG_INFO = INCLUDE_SOURCE;
				MTL_FAST_MATH = YES;
				ONLY_ACTIVE_ARCH = YES;
				SDKROOT = iphoneos;
				SWIFT_ACTIVE_COMPILATION_CONDITIONS = "DEBUG $(inherited)";
				SWIFT_OPTIMIZATION_LEVEL = "-Onone";
			};
			name = Debug;
		};
		11D6C9B12BC36B7B0022C077 /* Release */ = {
			isa = XCBuildConfiguration;
			buildSettings = {
				ALWAYS_SEARCH_USER_PATHS = NO;
				ASSETCATALOG_COMPILER_GENERATE_SWIFT_ASSET_SYMBOL_EXTENSIONS = YES;
				CLANG_ANALYZER_NONNULL = YES;
				CLANG_ANALYZER_NUMBER_OBJECT_CONVERSION = YES_AGGRESSIVE;
				CLANG_CXX_LANGUAGE_STANDARD = "gnu++20";
				CLANG_ENABLE_MODULES = YES;
				CLANG_ENABLE_OBJC_ARC = YES;
				CLANG_ENABLE_OBJC_WEAK = YES;
				CLANG_WARN_BLOCK_CAPTURE_AUTORELEASING = YES;
				CLANG_WARN_BOOL_CONVERSION = YES;
				CLANG_WARN_COMMA = YES;
				CLANG_WARN_CONSTANT_CONVERSION = YES;
				CLANG_WARN_DEPRECATED_OBJC_IMPLEMENTATIONS = YES;
				CLANG_WARN_DIRECT_OBJC_ISA_USAGE = YES_ERROR;
				CLANG_WARN_DOCUMENTATION_COMMENTS = YES;
				CLANG_WARN_EMPTY_BODY = YES;
				CLANG_WARN_ENUM_CONVERSION = YES;
				CLANG_WARN_INFINITE_RECURSION = YES;
				CLANG_WARN_INT_CONVERSION = YES;
				CLANG_WARN_NON_LITERAL_NULL_CONVERSION = YES;
				CLANG_WARN_OBJC_IMPLICIT_RETAIN_SELF = YES;
				CLANG_WARN_OBJC_LITERAL_CONVERSION = YES;
				CLANG_WARN_OBJC_ROOT_CLASS = YES_ERROR;
				CLANG_WARN_QUOTED_INCLUDE_IN_FRAMEWORK_HEADER = YES;
				CLANG_WARN_RANGE_LOOP_ANALYSIS = YES;
				CLANG_WARN_STRICT_PROTOTYPES = YES;
				CLANG_WARN_SUSPICIOUS_MOVE = YES;
				CLANG_WARN_UNGUARDED_AVAILABILITY = YES_AGGRESSIVE;
				CLANG_WARN_UNREACHABLE_CODE = YES;
				CLANG_WARN__DUPLICATE_METHOD_MATCH = YES;
				COPY_PHASE_STRIP = NO;
				DEBUG_INFORMATION_FORMAT = "dwarf-with-dsym";
				ENABLE_NS_ASSERTIONS = NO;
				ENABLE_STRICT_OBJC_MSGSEND = YES;
				ENABLE_USER_SCRIPT_SANDBOXING = YES;
				GCC_C_LANGUAGE_STANDARD = gnu17;
				GCC_NO_COMMON_BLOCKS = YES;
				GCC_WARN_64_TO_32_BIT_CONVERSION = YES;
				GCC_WARN_ABOUT_RETURN_TYPE = YES_ERROR;
				GCC_WARN_UNDECLARED_SELECTOR = YES;
				GCC_WARN_UNINITIALIZED_AUTOS = YES_AGGRESSIVE;
				GCC_WARN_UNUSED_FUNCTION = YES;
				GCC_WARN_UNUSED_VARIABLE = YES;
				IPHONEOS_DEPLOYMENT_TARGET = 17.4;
				LOCALIZATION_PREFERS_STRING_CATALOGS = YES;
				MTL_ENABLE_DEBUG_INFO = NO;
				MTL_FAST_MATH = YES;
				SDKROOT = iphoneos;
				SWIFT_COMPILATION_MODE = wholemodule;
				VALIDATE_PRODUCT = YES;
			};
			name = Release;
		};
		11D6C9B32BC36B7B0022C077 /* Debug */ = {
			isa = XCBuildConfiguration;
			buildSettings = {
				ASSETCATALOG_COMPILER_APPICON_NAME = AppIcon;
				ASSETCATALOG_COMPILER_GLOBAL_ACCENT_COLOR_NAME = AccentColor;
				CODE_SIGN_STYLE = Automatic;
				CURRENT_PROJECT_VERSION = 1;
				GENERATE_INFOPLIST_FILE = YES;
				INFOPLIST_FILE = realplantcenter/Info.plist;
				INFOPLIST_KEY_UIApplicationSupportsIndirectInputEvents = YES;
				INFOPLIST_KEY_UILaunchStoryboardName = LaunchScreen;
				INFOPLIST_KEY_UISupportedInterfaceOrientations_iPad = "UIInterfaceOrientationPortrait UIInterfaceOrientationPortraitUpsideDown UIInterfaceOrientationLandscapeLeft UIInterfaceOrientationLandscapeRight";
				INFOPLIST_KEY_UISupportedInterfaceOrientations_iPhone = "UIInterfaceOrientationPortrait UIInterfaceOrientationLandscapeLeft UIInterfaceOrientationLandscapeRight";
				LD_RUNPATH_SEARCH_PATHS = (
					"$(inherited)",
					"@executable_path/Frameworks",
				);
				MARKETING_VERSION = 1.0;
				PRODUCT_BUNDLE_IDENTIFIER = "sahiti-doke.realplantcenter";
				PRODUCT_NAME = "$(TARGET_NAME)";
				SWIFT_EMIT_LOC_STRINGS = YES;
				SWIFT_VERSION = 5.0;
				TARGETED_DEVICE_FAMILY = "1,2";
			};
			name = Debug;
		};
		11D6C9B42BC36B7B0022C077 /* Release */ = {
			isa = XCBuildConfiguration;
			buildSettings = {
				ASSETCATALOG_COMPILER_APPICON_NAME = AppIcon;
				ASSETCATALOG_COMPILER_GLOBAL_ACCENT_COLOR_NAME = AccentColor;
				CODE_SIGN_STYLE = Automatic;
				CURRENT_PROJECT_VERSION = 1;
				GENERATE_INFOPLIST_FILE = YES;
				INFOPLIST_FILE = realplantcenter/Info.plist;
				INFOPLIST_KEY_UIApplicationSupportsIndirectInputEvents = YES;
				INFOPLIST_KEY_UILaunchStoryboardName = LaunchScreen;
				INFOPLIST_KEY_UISupportedInterfaceOrientations_iPad = "UIInterfaceOrientationPortrait UIInterfaceOrientationPortraitUpsideDown UIInterfaceOrientationLandscapeLeft UIInterfaceOrientationLandscapeRight";
				INFOPLIST_KEY_UISupportedInterfaceOrientations_iPhone = "UIInterfaceOrientationPortrait UIInterfaceOrientationLandscapeLeft UIInterfaceOrientationLandscapeRight";
				LD_RUNPATH_SEARCH_PATHS = (
					"$(inherited)",
					"@executable_path/Frameworks",
				);
				MARKETING_VERSION = 1.0;
				PRODUCT_BUNDLE_IDENTIFIER = "sahiti-doke.realplantcenter";
				PRODUCT_NAME = "$(TARGET_NAME)";
				SWIFT_EMIT_LOC_STRINGS = YES;
				SWIFT_VERSION = 5.0;
				TARGETED_DEVICE_FAMILY = "1,2";
			};
			name = Release;
		};
		11D6C9B62BC36B7B0022C077 /* Debug */ = {
			isa = XCBuildConfiguration;
			buildSettings = {
				ALWAYS_EMBED_SWIFT_STANDARD_LIBRARIES = YES;
				BUNDLE_LOADER = "$(TEST_HOST)";
				CODE_SIGN_STYLE = Automatic;
				CURRENT_PROJECT_VERSION = 1;
				GENERATE_INFOPLIST_FILE = YES;
				IPHONEOS_DEPLOYMENT_TARGET = 17.4;
				MARKETING_VERSION = 1.0;
				PRODUCT_BUNDLE_IDENTIFIER = "sahiti-doke.realplantcenterTests";
				PRODUCT_NAME = "$(TARGET_NAME)";
				SWIFT_EMIT_LOC_STRINGS = NO;
				SWIFT_VERSION = 5.0;
				TARGETED_DEVICE_FAMILY = "1,2";
				TEST_HOST = "$(BUILT_PRODUCTS_DIR)/realplantcenter.app/$(BUNDLE_EXECUTABLE_FOLDER_PATH)/realplantcenter";
			};
			name = Debug;
		};
		11D6C9B72BC36B7B0022C077 /* Release */ = {
			isa = XCBuildConfiguration;
			buildSettings = {
				ALWAYS_EMBED_SWIFT_STANDARD_LIBRARIES = YES;
				BUNDLE_LOADER = "$(TEST_HOST)";
				CODE_SIGN_STYLE = Automatic;
				CURRENT_PROJECT_VERSION = 1;
				GENERATE_INFOPLIST_FILE = YES;
				IPHONEOS_DEPLOYMENT_TARGET = 17.4;
				MARKETING_VERSION = 1.0;
				PRODUCT_BUNDLE_IDENTIFIER = "sahiti-doke.realplantcenterTests";
				PRODUCT_NAME = "$(TARGET_NAME)";
				SWIFT_EMIT_LOC_STRINGS = NO;
				SWIFT_VERSION = 5.0;
				TARGETED_DEVICE_FAMILY = "1,2";
				TEST_HOST = "$(BUILT_PRODUCTS_DIR)/realplantcenter.app/$(BUNDLE_EXECUTABLE_FOLDER_PATH)/realplantcenter";
			};
			name = Release;
		};
		11D6C9B92BC36B7B0022C077 /* Debug */ = {
			isa = XCBuildConfiguration;
			buildSettings = {
				ALWAYS_EMBED_SWIFT_STANDARD_LIBRARIES = YES;
				CODE_SIGN_STYLE = Automatic;
				CURRENT_PROJECT_VERSION = 1;
				GENERATE_INFOPLIST_FILE = YES;
				MARKETING_VERSION = 1.0;
				PRODUCT_BUNDLE_IDENTIFIER = "sahiti-doke.realplantcenterUITests";
				PRODUCT_NAME = "$(TARGET_NAME)";
				SWIFT_EMIT_LOC_STRINGS = NO;
				SWIFT_VERSION = 5.0;
				TARGETED_DEVICE_FAMILY = "1,2";
				TEST_TARGET_NAME = realplantcenter;
			};
			name = Debug;
		};
		11D6C9BA2BC36B7B0022C077 /* Release */ = {
			isa = XCBuildConfiguration;
			buildSettings = {
				ALWAYS_EMBED_SWIFT_STANDARD_LIBRARIES = YES;
				CODE_SIGN_STYLE = Automatic;
				CURRENT_PROJECT_VERSION = 1;
				GENERATE_INFOPLIST_FILE = YES;
				MARKETING_VERSION = 1.0;
				PRODUCT_BUNDLE_IDENTIFIER = "sahiti-doke.realplantcenterUITests";
				PRODUCT_NAME = "$(TARGET_NAME)";
				SWIFT_EMIT_LOC_STRINGS = NO;
				SWIFT_VERSION = 5.0;
				TARGETED_DEVICE_FAMILY = "1,2";
				TEST_TARGET_NAME = realplantcenter;
			};
			name = Release;
		};
/* End XCBuildConfiguration section */

/* Begin XCConfigurationList section */
		11D6C9832BC36B790022C077 /* Build configuration list for PBXProject "realplantcenter" */ = {
			isa = XCConfigurationList;
			buildConfigurations = (
				11D6C9B02BC36B7B0022C077 /* Debug */,
				11D6C9B12BC36B7B0022C077 /* Release */,
			);
			defaultConfigurationIsVisible = 0;
			defaultConfigurationName = Release;
		};
		11D6C9B22BC36B7B0022C077 /* Build configuration list for PBXNativeTarget "realplantcenter" */ = {
			isa = XCConfigurationList;
			buildConfigurations = (
				11D6C9B32BC36B7B0022C077 /* Debug */,
				11D6C9B42BC36B7B0022C077 /* Release */,
			);
			defaultConfigurationIsVisible = 0;
			defaultConfigurationName = Release;
		};
		11D6C9B52BC36B7B0022C077 /* Build configuration list for PBXNativeTarget "realplantcenterTests" */ = {
			isa = XCConfigurationList;
			buildConfigurations = (
				11D6C9B62BC36B7B0022C077 /* Debug */,
				11D6C9B72BC36B7B0022C077 /* Release */,
			);
			defaultConfigurationIsVisible = 0;
			defaultConfigurationName = Release;
		};
		11D6C9B82BC36B7B0022C077 /* Build configuration list for PBXNativeTarget "realplantcenterUITests" */ = {
			isa = XCConfigurationList;
			buildConfigurations = (
				11D6C9B92BC36B7B0022C077 /* Debug */,
				11D6C9BA2BC36B7B0022C077 /* Release */,
			);
			defaultConfigurationIsVisible = 0;
			defaultConfigurationName = Release;
		};
/* End XCConfigurationList section */

/* Begin XCRemoteSwiftPackageReference section */
		11D6C9BB2BC36C400022C077 /* XCRemoteSwiftPackageReference "firebase-ios-sdk" */ = {
			isa = XCRemoteSwiftPackageReference;
			repositoryURL = "https://github.com/firebase/firebase-ios-sdk";
			requirement = {
				kind = exactVersion;
				version = 10.23.1;
			};
		};
		11D6C9D42BC382680022C077 /* XCRemoteSwiftPackageReference "SDWebImage" */ = {
			isa = XCRemoteSwiftPackageReference;
			repositoryURL = "https://github.com/SDWebImage/SDWebImage";
			requirement = {
				kind = upToNextMajorVersion;
				minimumVersion = 5.19.1;
			};
		};
/* End XCRemoteSwiftPackageReference section */

/* Begin XCSwiftPackageProductDependency section */
		11D6C9BC2BC36C400022C077 /* FirebaseAnalytics */ = {
			isa = XCSwiftPackageProductDependency;
			package = 11D6C9BB2BC36C400022C077 /* XCRemoteSwiftPackageReference "firebase-ios-sdk" */;
			productName = FirebaseAnalytics;
		};
		11D6C9BE2BC36C400022C077 /* FirebaseAnalyticsOnDeviceConversion */ = {
			isa = XCSwiftPackageProductDependency;
			package = 11D6C9BB2BC36C400022C077 /* XCRemoteSwiftPackageReference "firebase-ios-sdk" */;
			productName = FirebaseAnalyticsOnDeviceConversion;
		};
		11D6C9C02BC36C400022C077 /* FirebaseAnalyticsSwift */ = {
			isa = XCSwiftPackageProductDependency;
			package = 11D6C9BB2BC36C400022C077 /* XCRemoteSwiftPackageReference "firebase-ios-sdk" */;
			productName = FirebaseAnalyticsSwift;
		};
		11D6C9C22BC36C400022C077 /* FirebaseDatabase */ = {
			isa = XCSwiftPackageProductDependency;
			package = 11D6C9BB2BC36C400022C077 /* XCRemoteSwiftPackageReference "firebase-ios-sdk" */;
			productName = FirebaseDatabase;
		};
		11D6C9C42BC36C400022C077 /* FirebaseDatabaseSwift */ = {
			isa = XCSwiftPackageProductDependency;
			package = 11D6C9BB2BC36C400022C077 /* XCRemoteSwiftPackageReference "firebase-ios-sdk" */;
			productName = FirebaseDatabaseSwift;
		};
		11D6C9C62BC36C400022C077 /* FirebaseFirestore */ = {
			isa = XCSwiftPackageProductDependency;
			package = 11D6C9BB2BC36C400022C077 /* XCRemoteSwiftPackageReference "firebase-ios-sdk" */;
			productName = FirebaseFirestore;
		};
		11D6C9C82BC36C400022C077 /* FirebaseFirestoreCombine-Community */ = {
			isa = XCSwiftPackageProductDependency;
			package = 11D6C9BB2BC36C400022C077 /* XCRemoteSwiftPackageReference "firebase-ios-sdk" */;
			productName = "FirebaseFirestoreCombine-Community";
		};
		11D6C9CA2BC36C400022C077 /* FirebaseFirestoreSwift */ = {
			isa = XCSwiftPackageProductDependency;
			package = 11D6C9BB2BC36C400022C077 /* XCRemoteSwiftPackageReference "firebase-ios-sdk" */;
			productName = FirebaseFirestoreSwift;
		};
		11D6C9CC2BC36C400022C077 /* FirebaseMLModelDownloader */ = {
			isa = XCSwiftPackageProductDependency;
			package = 11D6C9BB2BC36C400022C077 /* XCRemoteSwiftPackageReference "firebase-ios-sdk" */;
			productName = FirebaseMLModelDownloader;
		};
		11D6C9CE2BC36C400022C077 /* FirebaseStorage */ = {
			isa = XCSwiftPackageProductDependency;
			package = 11D6C9BB2BC36C400022C077 /* XCRemoteSwiftPackageReference "firebase-ios-sdk" */;
			productName = FirebaseStorage;
		};
		11D6C9D02BC36C400022C077 /* FirebaseStorageCombine-Community */ = {
			isa = XCSwiftPackageProductDependency;
			package = 11D6C9BB2BC36C400022C077 /* XCRemoteSwiftPackageReference "firebase-ios-sdk" */;
			productName = "FirebaseStorageCombine-Community";
		};
		11D6C9D52BC382680022C077 /* SDWebImage */ = {
			isa = XCSwiftPackageProductDependency;
			package = 11D6C9D42BC382680022C077 /* XCRemoteSwiftPackageReference "SDWebImage" */;
			productName = SDWebImage;
		};
/* End XCSwiftPackageProductDependency section */
	};
	rootObject = 11D6C9802BC36B790022C077 /* Project object */;
}
